
Microsoft Visual Studio Solution File, Format Version 12.00
Project("{2150E333-8FDC-42A3-9474-1A3956D46DE8}") = "src", "src", "{48F76076-0392-4749-B296-4BE3D92B4914}"
EndProject
Project("{FAE04EC0-301F-11D3-BF4B-00C04F79EFBC}") = "Api", "Api\Api.csproj", "{64CA7207-4346-4227-8974-E0B03D46406C}"
EndProject
Global
	GlobalSection(SolutionConfigurationPlatforms) = preSolution
		Debug|Any CPU = Debug|Any CPU
		Release|Any CPU = Release|Any CPU
	EndGlobalSection
	GlobalSection(NestedProjects) = preSolution
		{64CA7207-4346-4227-8974-E0B03D46406C} = {48F76076-0392-4749-B296-4BE3D92B4914}
	EndGlobalSection
	GlobalSection(ProjectConfigurationPlatforms) = postSolution
		{64CA7207-4346-4227-8974-E0B03D46406C}.Debug|Any CPU.ActiveCfg = Debug|Any CPU
		{64CA7207-4346-4227-8974-E0B03D46406C}.Debug|Any CPU.Build.0 = Debug|Any CPU
		{64CA7207-4346-4227-8974-E0B03D46406C}.Release|Any CPU.ActiveCfg = Release|Any CPU
		{64CA7207-4346-4227-8974-E0B03D46406C}.Release|Any CPU.Build.0 = Release|Any CPU
	EndGlobalSection
EndGlobal
